# THIS IS AN AUTOGENERATED FILE. DO NOT EDIT THIS FILE DIRECTLY.
# yarn lockfile v1


babel-runtime@^6.23.0, babel-runtime@^6.26.0:
  version "6.26.0"
  resolved "https://registry.yarnpkg.com/babel-runtime/-/babel-runtime-6.26.0.tgz#965c7058668e82b55d7bfe04ff2337bc8b5647fe"
  dependencies:
    core-js "^2.4.0"
    regenerator-runtime "^0.11.0"

cemento@^0.17.0:
  version "0.17.0"
  resolved "https://registry.yarnpkg.com/cemento/-/cemento-0.17.0.tgz#1518e17497e3cf1c46e4c13d1a25a3fc08768691"
  dependencies:
    babel-runtime "^6.23.0"
    harden "^0.23.0"
    kount "^0.12.0"

core-js@^2.4.0:
  version "2.5.0"
  resolved "https://registry.yarnpkg.com/core-js/-/core-js-2.5.0.tgz#569c050918be6486b3837552028ae0466b717086"

falzy@^0.23.0:
  version "0.23.0"
  resolved "https://registry.yarnpkg.com/falzy/-/falzy-0.23.0.tgz#fec52a7df6e80adaf47bb89d47ca5a714566b664"
  dependencies:
    babel-runtime "^6.23.0"

harden@^0.23.0:
  version "0.23.0"
  resolved "https://registry.yarnpkg.com/harden/-/harden-0.23.0.tgz#cfe6aaa2f30ad4b27d87fb3fe4a4090fca880b33"
  dependencies:
    babel-runtime "^6.23.0"

kount@^0.12.0:
  version "0.12.0"
  resolved "https://registry.yarnpkg.com/kount/-/kount-0.12.0.tgz#bc68c0c931b171383d846ede48e20c478af6a58d"
  dependencies:
    babel-runtime "^6.23.0"

mtch@^0.6.0:
  version "0.6.0"
  resolved "https://registry.yarnpkg.com/mtch/-/mtch-0.6.0.tgz#3d899466fe39b4178cfe131f24836a225851833c"
  dependencies:
    babel-runtime "^6.23.0"
    falzy "^0.23.0"
    raze "^0.34.0"
    stringe "^0.5.0"
    truly "^0.20.0"

protype@^0.24.0:
  version "0.24.0"
  resolved "https://registry.yarnpkg.com/protype/-/protype-0.24.0.tgz#e30a9862ac768b66b9d0be57be88a4066a1697f1"
  dependencies:
    babel-runtime "^6.23.0"
    cemento "^0.17.0"
    harden "^0.23.0"

raze@^0.34.0:
  version "0.34.0"
  resolved "https://registry.yarnpkg.com/raze/-/raze-0.34.0.tgz#12200a3b84d46fdc81bd6ef3b38fdf3e9fff672b"
  dependencies:
    babel-runtime "^6.23.0"

regenerator-runtime@^0.11.0:
  version "0.11.0"
  resolved "https://registry.yarnpkg.com/regenerator-runtime/-/regenerator-runtime-0.11.0.tgz#7e54fe5b5ccd5d6624ea6255c3473be090b802e1"

stringe@^0.5.0:
  version "0.5.0"
  resolved "https://registry.yarnpkg.com/stringe/-/stringe-0.5.0.tgz#7b2e25c7a652bb67dd2e573f203bb2a21d72e66d"
  dependencies:
    babel-runtime "^6.23.0"

truly@^0.20.0:
  version "0.20.0"
  resolved "https://registry.yarnpkg.com/truly/-/truly-0.20.0.tgz#d751565112b9408b3ea007ea7919e900d2856992"
  dependencies:
    babel-runtime "^6.23.0"
